// !$*UTF8*$!
{
	archiveVersion = 1;
	classes = {
	};
	objectVersion = 46;
	objects = {

/* Begin PBXBuildFile section */
		CF2356921BBAE7D000FD5B33 /* main.m in Sources */ = {isa = PBXBuildFile; fileRef = CF2356911BBAE7D000FD5B33 /* main.m */; };
		CF2356951BBAE7D000FD5B33 /* AppDelegate.m in Sources */ = {isa = PBXBuildFile; fileRef = CF2356941BBAE7D000FD5B33 /* AppDelegate.m */; };
		CF2356981BBAE7D000FD5B33 /* ViewController.m in Sources */ = {isa = PBXBuildFile; fileRef = CF2356971BBAE7D000FD5B33 /* ViewController.m */; };
		CF23569B1BBAE7D000FD5B33 /* Main.storyboard in Resources */ = {isa = PBXBuildFile; fileRef = CF2356991BBAE7D000FD5B33 /* Main.storyboard */; };
		CF23569D1BBAE7D000FD5B33 /* Assets.xcassets in Resources */ = {isa = PBXBuildFile; fileRef = CF23569C1BBAE7D000FD5B33 /* Assets.xcassets */; };
		CF2356A01BBAE7D000FD5B33 /* LaunchScreen.storyboard in Resources */ = {isa = PBXBuildFile; fileRef = CF23569E1BBAE7D000FD5B33 /* LaunchScreen.storyboard */; };
		CF2356AB1BBAE7D000FD5B33 /* SpanishAppTests.m in Sources */ = {isa = PBXBuildFile; fileRef = CF2356AA1BBAE7D000FD5B33 /* SpanishAppTests.m */; };
		CF2356B61BBAE7D000FD5B33 /* SpanishAppUITests.m in Sources */ = {isa = PBXBuildFile; fileRef = CF2356B51BBAE7D000FD5B33 /* SpanishAppUITests.m */; };
		CF2356C51BBAEAAE00FD5B33 /* Activity1ExercisesTableViewController.m in Sources */ = {isa = PBXBuildFile; fileRef = CF2356C41BBAEAAE00FD5B33 /* Activity1ExercisesTableViewController.m */; settings = {ASSET_TAGS = (); }; };
/* End PBXBuildFile section */

/* Begin PBXContainerItemProxy section */
		CF2356A71BBAE7D000FD5B33 /* PBXContainerItemProxy */ = {
			isa = PBXContainerItemProxy;
			containerPortal = CF2356851BBAE7D000FD5B33 /* Project object */;
			proxyType = 1;
			remoteGlobalIDString = CF23568C1BBAE7D000FD5B33;
			remoteInfo = SpanishApp;
		};
		CF2356B21BBAE7D000FD5B33 /* PBXContainerItemProxy */ = {
			isa = PBXContainerItemProxy;
			containerPortal = CF2356851BBAE7D000FD5B33 /* Project object */;
			proxyType = 1;
			remoteGlobalIDString = CF23568C1BBAE7D000FD5B33;
			remoteInfo = SpanishApp;
		};
/* End PBXContainerItemProxy section */

/* Begin PBXFileReference section */
		CF23568D1BBAE7D000FD5B33 /* SpanishApp.app */ = {isa = PBXFileReference; explicitFileType = wrapper.application; includeInIndex = 0; path = SpanishApp.app; sourceTree = BUILT_PRODUCTS_DIR; };
		CF2356911BBAE7D000FD5B33 /* main.m */ = {isa = PBXFileReference; lastKnownFileType = sourcecode.c.objc; path = main.m; sourceTree = "<group>"; };
		CF2356931BBAE7D000FD5B33 /* AppDelegate.h */ = {isa = PBXFileReference; lastKnownFileType = sourcecode.c.h; path = AppDelegate.h; sourceTree = "<group>"; };
		CF2356941BBAE7D000FD5B33 /* AppDelegate.m */ = {isa = PBXFileReference; lastKnownFileType = sourcecode.c.objc; path = AppDelegate.m; sourceTree = "<group>"; };
		CF2356961BBAE7D000FD5B33 /* ViewController.h */ = {isa = PBXFileReference; lastKnownFileType = sourcecode.c.h; path = ViewController.h; sourceTree = "<group>"; };
		CF2356971BBAE7D000FD5B33 /* ViewController.m */ = {isa = PBXFileReference; lastKnownFileType = sourcecode.c.objc; path = ViewController.m; sourceTree = "<group>"; };
		CF23569A1BBAE7D000FD5B33 /* Base */ = {isa = PBXFileReference; lastKnownFileType = file.storyboard; name = Base; path = Base.lproj/Main.storyboard; sourceTree = "<group>"; };
		CF23569C1BBAE7D000FD5B33 /* Assets.xcassets */ = {isa = PBXFileReference; lastKnownFileType = folder.assetcatalog; path = Assets.xcassets; sourceTree = "<group>"; };
		CF23569F1BBAE7D000FD5B33 /* Base */ = {isa = PBXFileReference; lastKnownFileType = file.storyboard; name = Base; path = Base.lproj/LaunchScreen.storyboard; sourceTree = "<group>"; };
		CF2356A11BBAE7D000FD5B33 /* Info.plist */ = {isa = PBXFileReference; lastKnownFileType = text.plist.xml; path = Info.plist; sourceTree = "<group>"; };
		CF2356A61BBAE7D000FD5B33 /* SpanishAppTests.xctest */ = {isa = PBXFileReference; explicitFileType = wrapper.cfbundle; includeInIndex = 0; path = SpanishAppTests.xctest; sourceTree = BUILT_PRODUCTS_DIR; };
		CF2356AA1BBAE7D000FD5B33 /* SpanishAppTests.m */ = {isa = PBXFileReference; lastKnownFileType = sourcecode.c.objc; path = SpanishAppTests.m; sourceTree = "<group>"; };
		CF2356AC1BBAE7D000FD5B33 /* Info.plist */ = {isa = PBXFileReference; lastKnownFileType = text.plist.xml; path = Info.plist; sourceTree = "<group>"; };
		CF2356B11BBAE7D000FD5B33 /* SpanishAppUITests.xctest */ = {isa = PBXFileReference; explicitFileType = wrapper.cfbundle; includeInIndex = 0; path = SpanishAppUITests.xctest; sourceTree = BUILT_PRODUCTS_DIR; };
		CF2356B51BBAE7D000FD5B33 /* SpanishAppUITests.m */ = {isa = PBXFileReference; lastKnownFileType = sourcecode.c.objc; path = SpanishAppUITests.m; sourceTree = "<group>"; };
		CF2356B71BBAE7D000FD5B33 /* Info.plist */ = {isa = PBXFileReference; lastKnownFileType = text.plist.xml; path = Info.plist; sourceTree = "<group>"; };
		CF2356C31BBAEAAE00FD5B33 /* Activity1ExercisesTableViewController.h */ = {isa = PBXFileReference; fileEncoding = 4; lastKnownFileType = sourcecode.c.h; path = Activity1ExercisesTableViewController.h; sourceTree = "<group>"; };
		CF2356C41BBAEAAE00FD5B33 /* Activity1ExercisesTableViewController.m */ = {isa = PBXFileReference; fileEncoding = 4; lastKnownFileType = sourcecode.c.objc; path = Activity1ExercisesTableViewController.m; sourceTree = "<group>"; };
/* End PBXFileReference section */

/* Begin PBXFrameworksBuildPhase section */
		CF23568A1BBAE7D000FD5B33 /* Frameworks */ = {
			isa = PBXFrameworksBuildPhase;
			buildActionMask = 2147483647;
			files = (
			);
			runOnlyForDeploymentPostprocessing = 0;
		};
		CF2356A31BBAE7D000FD5B33 /* Frameworks */ = {
			isa = PBXFrameworksBuildPhase;
			buildActionMask = 2147483647;
			files = (
			);
			runOnlyForDeploymentPostprocessing = 0;
		};
		CF2356AE1BBAE7D000FD5B33 /* Frameworks */ = {
			isa = PBXFrameworksBuildPhase;
			buildActionMask = 2147483647;
			files = (
			);
			runOnlyForDeploymentPostprocessing = 0;
		};
/* End PBXFrameworksBuildPhase section */

/* Begin PBXGroup section */
		CF2356841BBAE7D000FD5B33 = {
			isa = PBXGroup;
			children = (
				CF23568F1BBAE7D000FD5B33 /* SpanishApp */,
				CF2356A91BBAE7D000FD5B33 /* SpanishAppTests */,
				CF2356B41BBAE7D000FD5B33 /* SpanishAppUITests */,
				CF23568E1BBAE7D000FD5B33 /* Products */,
			);
			sourceTree = "<group>";
		};
		CF23568E1BBAE7D000FD5B33 /* Products */ = {
			isa = PBXGroup;
			children = (
				CF23568D1BBAE7D000FD5B33 /* SpanishApp.app */,
				CF2356A61BBAE7D000FD5B33 /* SpanishAppTests.xctest */,
				CF2356B11BBAE7D000FD5B33 /* SpanishAppUITests.xctest */,
			);
			name = Products;
			sourceTree = "<group>";
		};
		CF23568F1BBAE7D000FD5B33 /* SpanishApp */ = {
			isa = PBXGroup;
			children = (
				CF2356931BBAE7D000FD5B33 /* AppDelegate.h */,
				CF2356941BBAE7D000FD5B33 /* AppDelegate.m */,
				CF2356961BBAE7D000FD5B33 /* ViewController.h */,
				CF2356971BBAE7D000FD5B33 /* ViewController.m */,
				CF2356C31BBAEAAE00FD5B33 /* Activity1ExercisesTableViewController.h */,
				CF2356C41BBAEAAE00FD5B33 /* Activity1ExercisesTableViewController.m */,
				CF2356991BBAE7D000FD5B33 /* Main.storyboard */,
				CF23569C1BBAE7D000FD5B33 /* Assets.xcassets */,
				CF23569E1BBAE7D000FD5B33 /* LaunchScreen.storyboard */,
				CF2356A11BBAE7D000FD5B33 /* Info.plist */,
				CF2356901BBAE7D000FD5B33 /* Supporting Files */,
			);
			path = SpanishApp;
			sourceTree = "<group>";
		};
		CF2356901BBAE7D000FD5B33 /* Supporting Files */ = {
			isa = PBXGroup;
			children = (
				CF2356911BBAE7D000FD5B33 /* main.m */,
			);
			name = "Supporting Files";
			sourceTree = "<group>";
		};
		CF2356A91BBAE7D000FD5B33 /* SpanishAppTests */ = {
			isa = PBXGroup;
			children = (
				CF2356AA1BBAE7D000FD5B33 /* SpanishAppTests.m */,
				CF2356AC1BBAE7D000FD5B33 /* Info.plist */,
			);
			path = SpanishAppTests;
			sourceTree = "<group>";
		};
		CF2356B41BBAE7D000FD5B33 /* SpanishAppUITests */ = {
			isa = PBXGroup;
			children = (
				CF2356B51BBAE7D000FD5B33 /* SpanishAppUITests.m */,
				CF2356B71BBAE7D000FD5B33 /* Info.plist */,
			);
			path = SpanishAppUITests;
			sourceTree = "<group>";
		};
/* End PBXGroup section */

/* Begin PBXNativeTarget section */
		CF23568C1BBAE7D000FD5B33 /* SpanishApp */ = {
			isa = PBXNativeTarget;
			buildConfigurationList = CF2356BA1BBAE7D000FD5B33 /* Build configuration list for PBXNativeTarget "SpanishApp" */;
			buildPhases = (
				CF2356891BBAE7D000FD5B33 /* Sources */,
				CF23568A1BBAE7D000FD5B33 /* Frameworks */,
				CF23568B1BBAE7D000FD5B33 /* Resources */,
			);
			buildRules = (
			);
			dependencies = (
			);
			name = SpanishApp;
			productName = SpanishApp;
			productReference = CF23568D1BBAE7D000FD5B33 /* SpanishApp.app */;
			productType = "com.apple.product-type.application";
		};
		CF2356A51BBAE7D000FD5B33 /* SpanishAppTests */ = {
			isa = PBXNativeTarget;
			buildConfigurationList = CF2356BD1BBAE7D000FD5B33 /* Build configuration list for PBXNativeTarget "SpanishAppTests" */;
			buildPhases = (
				CF2356A21BBAE7D000FD5B33 /* Sources */,
				CF2356A31BBAE7D000FD5B33 /* Frameworks */,
				CF2356A41BBAE7D000FD5B33 /* Resources */,
			);
			buildRules = (
			);
			dependencies = (
				CF2356A81BBAE7D000FD5B33 /* PBXTargetDependency */,
			);
			name = SpanishAppTests;
			productName = SpanishAppTests;
			productReference = CF2356A61BBAE7D000FD5B33 /* SpanishAppTests.xctest */;
			productType = "com.apple.product-type.bundle.unit-test";
		};
		CF2356B01BBAE7D000FD5B33 /* SpanishAppUITests */ = {
			isa = PBXNativeTarget;
			buildConfigurationList = CF2356C01BBAE7D000FD5B33 /* Build configuration list for PBXNativeTarget "SpanishAppUITests" */;
			buildPhases = (
				CF2356AD1BBAE7D000FD5B33 /* Sources */,
				CF2356AE1BBAE7D000FD5B33 /* Frameworks */,
				CF2356AF1BBAE7D000FD5B33 /* Resources */,
			);
			buildRules = (
			);
			dependencies = (
				CF2356B31BBAE7D000FD5B33 /* PBXTargetDependency */,
			);
			name = SpanishAppUITests;
			productName = SpanishAppUITests;
			productReference = CF2356B11BBAE7D000FD5B33 /* SpanishAppUITests.xctest */;
			productType = "com.apple.product-type.bundle.ui-testing";
		};
/* End PBXNativeTarget section */

/* Begin PBXProject section */
		CF2356851BBAE7D000FD5B33 /* Project object */ = {
			isa = PBXProject;
			attributes = {
				LastUpgradeCheck = 0700;
				ORGANIZATIONNAME = Dalton;
				TargetAttributes = {
					CF23568C1BBAE7D000FD5B33 = {
						CreatedOnToolsVersion = 7.0;
					};
					CF2356A51BBAE7D000FD5B33 = {
						CreatedOnToolsVersion = 7.0;
						TestTargetID = CF23568C1BBAE7D000FD5B33;
					};
					CF2356B01BBAE7D000FD5B33 = {
						CreatedOnToolsVersion = 7.0;
						TestTargetID = CF23568C1BBAE7D000FD5B33;
					};
				};
			};
			buildConfigurationList = CF2356881BBAE7D000FD5B33 /* Build configuration list for PBXProject "SpanishApp" */;
			compatibilityVersion = "Xcode 3.2";
			developmentRegion = English;
			hasScannedForEncodings = 0;
			knownRegions = (
				en,
				Base,
			);
			mainGroup = CF2356841BBAE7D000FD5B33;
			productRefGroup = CF23568E1BBAE7D000FD5B33 /* Products */;
			projectDirPath = "";
			projectRoot = "";
			targets = (
				CF23568C1BBAE7D000FD5B33 /* SpanishApp */,
				CF2356A51BBAE7D000FD5B33 /* SpanishAppTests */,
				CF2356B01BBAE7D000FD5B33 /* SpanishAppUITests */,
			);
		};
/* End PBXProject section */

/* Begin PBXResourcesBuildPhase section */
		CF23568B1BBAE7D000FD5B33 /* Resources */ = {
			isa = PBXResourcesBuildPhase;
			buildActionMask = 2147483647;
			files = (
				CF2356A01BBAE7D000FD5B33 /* LaunchScreen.storyboard in Resources */,
				CF23569D1BBAE7D000FD5B33 /* Assets.xcassets in Resources */,
				CF23569B1BBAE7D000FD5B33 /* Main.storyboard in Resources */,
			);
			runOnlyForDeploymentPostprocessing = 0;
		};
		CF2356A41BBAE7D000FD5B33 /* Resources */ = {
			isa = PBXResourcesBuildPhase;
			buildActionMask = 2147483647;
			files = (
			);
			runOnlyForDeploymentPostprocessing = 0;
		};
		CF2356AF1BBAE7D000FD5B33 /* Resources */ = {
			isa = PBXResourcesBuildPhase;
			buildActionMask = 2147483647;
			files = (
			);
			runOnlyForDeploymentPostprocessing = 0;
		};
/* End PBXResourcesBuildPhase section */

/* Begin PBXSourcesBuildPhase section */
		CF2356891BBAE7D000FD5B33 /* Sources */ = {
			isa = PBXSourcesBuildPhase;
			buildActionMask = 2147483647;
			files = (
				CF2356981BBAE7D000FD5B33 /* ViewController.m in Sources */,
				CF2356951BBAE7D000FD5B33 /* AppDelegate.m in Sources */,
				CF2356C51BBAEAAE00FD5B33 /* Activity1ExercisesTableViewController.m in Sources */,
				CF2356921BBAE7D000FD5B33 /* main.m in Sources */,
			);
			runOnlyForDeploymentPostprocessing = 0;
		};
		CF2356A21BBAE7D000FD5B33 /* Sources */ = {
			isa = PBXSourcesBuildPhase;
			buildActionMask = 2147483647;
			files = (
				CF2356AB1BBAE7D000FD5B33 /* SpanishAppTests.m in Sources */,
			);
			runOnlyForDeploymentPostprocessing = 0;
		};
		CF2356AD1BBAE7D000FD5B33 /* Sources */ = {
			isa = PBXSourcesBuildPhase;
			buildActionMask = 2147483647;
			files = (
				CF2356B61BBAE7D000FD5B33 /* SpanishAppUITests.m in Sources */,
			);
			runOnlyForDeploymentPostprocessing = 0;
		};
/* End PBXSourcesBuildPhase section */

/* Begin PBXTargetDependency section */
		CF2356A81BBAE7D000FD5B33 /* PBXTargetDependency */ = {
			isa = PBXTargetDependency;
			target = CF23568C1BBAE7D000FD5B33 /* SpanishApp */;
			targetProxy = CF2356A71BBAE7D000FD5B33 /* PBXContainerItemProxy */;
		};
		CF2356B31BBAE7D000FD5B33 /* PBXTargetDependency */ = {
			isa = PBXTargetDependency;
			target = CF23568C1BBAE7D000FD5B33 /* SpanishApp */;
			targetProxy = CF2356B21BBAE7D000FD5B33 /* PBXContainerItemProxy */;
		};
/* End PBXTargetDependency section */

/* Begin PBXVariantGroup section */
		CF2356991BBAE7D000FD5B33 /* Main.storyboard */ = {
			isa = PBXVariantGroup;
			children = (
				CF23569A1BBAE7D000FD5B33 /* Base */,
			);
			name = Main.storyboard;
			sourceTree = "<group>";
		};
		CF23569E1BBAE7D000FD5B33 /* LaunchScreen.storyboard */ = {
			isa = PBXVariantGroup;
			children = (
				CF23569F1BBAE7D000FD5B33 /* Base */,
			);
			name = LaunchScreen.storyboard;
			sourceTree = "<group>";
		};
/* End PBXVariantGroup section */

/* Begin XCBuildConfiguration section */
		CF2356B81BBAE7D000FD5B33 /* Debug */ = {
			isa = XCBuildConfiguration;
			buildSettings = {
				ALWAYS_SEARCH_USER_PATHS = NO;
				CLANG_CXX_LANGUAGE_STANDARD = "gnu++0x";
				CLANG_CXX_LIBRARY = "libc++";
				CLANG_ENABLE_MODULES = YES;
				CLANG_ENABLE_OBJC_ARC = YES;
				CLANG_WARN_BOOL_CONVERSION = YES;
				CLANG_WARN_CONSTANT_CONVERSION = YES;
				CLANG_WARN_DIRECT_OBJC_ISA_USAGE = YES_ERROR;
				CLANG_WARN_EMPTY_BODY = YES;
				CLANG_WARN_ENUM_CONVERSION = YES;
				CLANG_WARN_INT_CONVERSION = YES;
				CLANG_WARN_OBJC_ROOT_CLASS = YES_ERROR;
				CLANG_WARN_UNREACHABLE_CODE = YES;
				CLANG_WARN__DUPLICATE_METHOD_MATCH = YES;
				"CODE_SIGN_IDENTITY[sdk=iphoneos*]" = "iPhone Developer";
				COPY_PHASE_STRIP = NO;
				DEBUG_INFORMATION_FORMAT = dwarf;
				ENABLE_STRICT_OBJC_MSGSEND = YES;
				ENABLE_TESTABILITY = YES;
				GCC_C_LANGUAGE_STANDARD = gnu99;
				GCC_DYNAMIC_NO_PIC = NO;
				GCC_NO_COMMON_BLOCKS = YES;
				GCC_OPTIMIZATION_LEVEL = 0;
				GCC_PREPROCESSOR_DEFINITIONS = (
					"DEBUG=1",
					"$(inherited)",
				);
				GCC_WARN_64_TO_32_BIT_CONVERSION = YES;
				GCC_WARN_ABOUT_RETURN_TYPE = YES_ERROR;
				GCC_WARN_UNDECLARED_SELECTOR = YES;
				GCC_WARN_UNINITIALIZED_AUTOS = YES_AGGRESSIVE;
				GCC_WARN_UNUSED_FUNCTION = YES;
				GCC_WARN_UNUSED_VARIABLE = YES;
				IPHONEOS_DEPLOYMENT_TARGET = 9.0;
				MTL_ENABLE_DEBUG_INFO = YES;
				ONLY_ACTIVE_ARCH = YES;
				SDKROOT = iphoneos;
			};
			name = Debug;
		};
		CF2356B91BBAE7D000FD5B33 /* Release */ = {
			isa = XCBuildConfiguration;
			buildSettings = {
				ALWAYS_SEARCH_USER_PATHS = NO;
				CLANG_CXX_LANGUAGE_STANDARD = "gnu++0x";
				CLANG_CXX_LIBRARY = "libc++";
				CLANG_ENABLE_MODULES = YES;
				CLANG_ENABLE_OBJC_ARC = YES;
				CLANG_WARN_BOOL_CONVERSION = YES;
				CLANG_WARN_CONSTANT_CONVERSION = YES;
				CLANG_WARN_DIRECT_OBJC_ISA_USAGE = YES_ERROR;
				CLANG_WARN_EMPTY_BODY = YES;
				CLANG_WARN_ENUM_CONVERSION = YES;
				CLANG_WARN_INT_CONVERSION = YES;
				CLANG_WARN_OBJC_ROOT_CLASS = YES_ERROR;
				CLANG_WARN_UNREACHABLE_CODE = YES;
				CLANG_WARN__DUPLICATE_METHOD_MATCH = YES;
				"CODE_SIGN_IDENTITY[sdk=iphoneos*]" = "iPhone Developer";
				COPY_PHASE_STRIP = NO;
				DEBUG_INFORMATION_FORMAT = "dwarf-with-dsym";
				ENABLE_NS_ASSERTIONS = NO;
				ENABLE_STRICT_OBJC_MSGSEND = YES;
				GCC_C_LANGUAGE_STANDARD = gnu99;
				GCC_NO_COMMON_BLOCKS = YES;
				GCC_WARN_64_TO_32_BIT_CONVERSION = YES;
				GCC_WARN_ABOUT_RETURN_TYPE = YES_ERROR;
				GCC_WARN_UNDECLARED_SELECTOR = YES;
				GCC_WARN_UNINITIALIZED_AUTOS = YES_AGGRESSIVE;
				GCC_WARN_UNUSED_FUNCTION = YES;
				GCC_WARN_UNUSED_VARIABLE = YES;
				IPHONEOS_DEPLOYMENT_TARGET = 9.0;
				MTL_ENABLE_DEBUG_INFO = NO;
				SDKROOT = iphoneos;
				VALIDATE_PRODUCT = YES;
			};
			name = Release;
		};
		CF2356BB1BBAE7D000FD5B33 /* Debug */ = {
			isa = XCBuildConfiguration;
			buildSettings = {
				ASSETCATALOG_COMPILER_APPICON_NAME = AppIcon;
				INFOPLIST_FILE = SpanishApp/Info.plist;
				LD_RUNPATH_SEARCH_PATHS = "$(inherited) @executable_path/Frameworks";
				PRODUCT_BUNDLE_IDENTIFIER = com.dalton.SpanishApp;
				PRODUCT_NAME = "$(TARGET_NAME)";
			};
			name = Debug;
		};
		CF2356BC1BBAE7D000FD5B33 /* Release */ = {
			isa = XCBuildConfiguration;
			buildSettings = {
				ASSETCATALOG_COMPILER_APPICON_NAME = AppIcon;
				INFOPLIST_FILE = SpanishApp/Info.plist;
				LD_RUNPATH_SEARCH_PATHS = "$(inherited) @executable_path/Frameworks";
				PRODUCT_BUNDLE_IDENTIFIER = com.dalton.SpanishApp;
				PRODUCT_NAME = "$(TARGET_NAME)";
			};
			name = Release;
		};
		CF2356BE1BBAE7D000FD5B33 /* Debug */ = {
			isa = XCBuildConfiguration;
			buildSettings = {
				BUNDLE_LOADER = "$(TEST_HOST)";
				INFOPLIST_FILE = SpanishAppTests/Info.plist;
				LD_RUNPATH_SEARCH_PATHS = "$(inherited) @executable_path/Frameworks @loader_path/Frameworks";
				PRODUCT_BUNDLE_IDENTIFIER = com.dalton.SpanishAppTests;
				PRODUCT_NAME = "$(TARGET_NAME)";
				TEST_HOST = "$(BUILT_PRODUCTS_DIR)/SpanishApp.app/SpanishApp";
			};
			name = Debug;
		};
		CF2356BF1BBAE7D000FD5B33 /* Release */ = {
			isa = XCBuildConfiguration;
			buildSettings = {
				BUNDLE_LOADER = "$(TEST_HOST)";
				INFOPLIST_FILE = SpanishAppTests/Info.plist;
				LD_RUNPATH_SEARCH_PATHS = "$(inherited) @executable_path/Frameworks @loader_path/Frameworks";
				PRODUCT_BUNDLE_IDENTIFIER = com.dalton.SpanishAppTests;
				PRODUCT_NAME = "$(TARGET_NAME)";
				TEST_HOST = "$(BUILT_PRODUCTS_DIR)/SpanishApp.app/SpanishApp";
			};
			name = Release;
		};
		CF2356C11BBAE7D000FD5B33 /* Debug */ = {
			isa = XCBuildConfiguration;
			buildSettings = {
				INFOPLIST_FILE = SpanishAppUITests/Info.plist;
				LD_RUNPATH_SEARCH_PATHS = "$(inherited) @executable_path/Frameworks @loader_path/Frameworks";
				PRODUCT_BUNDLE_IDENTIFIER = com.dalton.SpanishAppUITests;
				PRODUCT_NAME = "$(TARGET_NAME)";
				TEST_TARGET_NAME = SpanishApp;
				USES_XCTRUNNER = YES;
			};
			name = Debug;
		};
		CF2356C21BBAE7D000FD5B33 /* Release */ = {
			isa = XCBuildConfiguration;
			buildSettings = {
				INFOPLIST_FILE = SpanishAppUITests/Info.plist;
				LD_RUNPATH_SEARCH_PATHS = "$(inherited) @executable_path/Frameworks @loader_path/Frameworks";
				PRODUCT_BUNDLE_IDENTIFIER = com.dalton.SpanishAppUITests;
				PRODUCT_NAME = "$(TARGET_NAME)";
				TEST_TARGET_NAME = SpanishApp;
				USES_XCTRUNNER = YES;
			};
			name = Release;
		};
/* End XCBuildConfiguration section */

/* Begin XCConfigurationList section */
		CF2356881BBAE7D000FD5B33 /* Build configuration list for PBXProject "SpanishApp" */ = {
			isa = XCConfigurationList;
			buildConfigurations = (
				CF2356B81BBAE7D000FD5B33 /* Debug */,
				CF2356B91BBAE7D000FD5B33 /* Release */,
			);
			defaultConfigurationIsVisible = 0;
			defaultConfigurationName = Release;
		};
		CF2356BA1BBAE7D000FD5B33 /* Build configuration list for PBXNativeTarget "SpanishApp" */ = {
			isa = XCConfigurationList;
			buildConfigurations = (
				CF2356BB1BBAE7D000FD5B33 /* Debug */,
				CF2356BC1BBAE7D000FD5B33 /* Release */,
			);
			defaultConfigurationIsVisible = 0;
		};
		CF2356BD1BBAE7D000FD5B33 /* Build configuration list for PBXNativeTarget "SpanishAppTests" */ = {
			isa = XCConfigurationList;
			buildConfigurations = (
				CF2356BE1BBAE7D000FD5B33 /* Debug */,
				CF2356BF1BBAE7D000FD5B33 /* Release */,
			);
			defaultConfigurationIsVisible = 0;
		};
		CF2356C01BBAE7D000FD5B33 /* Build configuration list for PBXNativeTarget "SpanishAppUITests" */ = {
			isa = XCConfigurationList;
			buildConfigurations = (
				CF2356C11BBAE7D000FD5B33 /* Debug */,
				CF2356C21BBAE7D000FD5B33 /* Release */,
			);
			defaultConfigurationIsVisible = 0;
		};
/* End XCConfigurationList section */
	};
	rootObject = CF2356851BBAE7D000FD5B33 /* Project object */;
}
